
Microsoft Visual Studio Solution File, Format Version 12.00
# Visual Studio Version 17
VisualStudioVersion = 17.0.32014.148
MinimumVisualStudioVersion = 10.0.40219.1
Project("{FAE04EC0-301F-11D3-BF4B-00C04F79EFBC}") = "RestClient", "RestClient\RestClient.csproj", "{27BAA6D5-26BF-43AC-A01B-3444CD66259E}"
EndProject
Global
	GlobalSection(SolutionConfigurationPlatforms) = preSolution
		Debug|Any CPU = Debug|Any CPU
		Release|Any CPU = Release|Any CPU
	EndGlobalSection
	GlobalSection(ProjectConfigurationPlatforms) = postSolution
		{27BAA6D5-26BF-43AC-A01B-3444CD66259E}.Debug|Any CPU.ActiveCfg = Debug|Any CPU
		{27BAA6D5-26BF-43AC-A01B-3444CD66259E}.Debug|Any CPU.Build.0 = Debug|Any CPU
		{27BAA6D5-26BF-43AC-A01B-3444CD66259E}.Release|Any CPU.ActiveCfg = Release|Any CPU
		{27BAA6D5-26BF-43AC-A01B-3444CD66259E}.Release|Any CPU.Build.0 = Release|Any CPU
	EndGlobalSection
	GlobalSection(SolutionProperties) = preSolution
		HideSolutionNode = FALSE
	EndGlobalSection
	GlobalSection(ExtensibilityGlobals) = postSolution
		SolutionGuid = {A46D1019-12C3-4AB3-9368-A7F7D2B0FDBA}
	EndGlobalSection
EndGlobal
